
Microsoft Visual Studio Solution File, Format Version 12.00
# Visual Studio Version 17
VisualStudioVersion = 17.10.34928.147
MinimumVisualStudioVersion = 10.0.40219.1
Project("{FAE04EC0-301F-11D3-BF4B-00C04F79EFBC}") = "Inventory_Management_System_WPF", "Inventory_Management_System_WPF.csproj", "{CA884F0B-1071-4586-B356-9556D4994FF2}"
EndProject
Global
	GlobalSection(SolutionConfigurationPlatforms) = preSolution
		Debug|Any CPU = Debug|Any CPU
		Release|Any CPU = Release|Any CPU
	EndGlobalSection
	GlobalSection(ProjectConfigurationPlatforms) = postSolution
		{CA884F0B-1071-4586-B356-9556D4994FF2}.Debug|Any CPU.ActiveCfg = Debug|Any CPU
		{CA884F0B-1071-4586-B356-9556D4994FF2}.Debug|Any CPU.Build.0 = Debug|Any CPU
		{CA884F0B-1071-4586-B356-9556D4994FF2}.Release|Any CPU.ActiveCfg = Release|Any CPU
		{CA884F0B-1071-4586-B356-9556D4994FF2}.Release|Any CPU.Build.0 = Release|Any CPU
	EndGlobalSection
	GlobalSection(SolutionProperties) = preSolution
		HideSolutionNode = FALSE
	EndGlobalSection
	GlobalSection(ExtensibilityGlobals) = postSolution
		SolutionGuid = {2490786E-ECA2-46FD-A568-B2F39A462F2E}
	EndGlobalSection
EndGlobal
